
Microsoft Visual Studio Solution File, Format Version 12.00
# Visual Studio 2013
VisualStudioVersion = 12.0.21005.1
MinimumVisualStudioVersion = 10.0.40219.1
Project("{8BC9CEB8-8B4A-11D0-8D11-00A0C91BC942}") = "leetCode22", "leetCode22\leetCode22.vcxproj", "{A24B0500-AF23-4E83-A63F-1696E5370ABE}"
EndProject
Global
	GlobalSection(SolutionConfigurationPlatforms) = preSolution
		Debug|Win32 = Debug|Win32
		Release|Win32 = Release|Win32
	EndGlobalSection
	GlobalSection(ProjectConfigurationPlatforms) = postSolution
		{A24B0500-AF23-4E83-A63F-1696E5370ABE}.Debug|Win32.ActiveCfg = Debug|Win32
		{A24B0500-AF23-4E83-A63F-1696E5370ABE}.Debug|Win32.Build.0 = Debug|Win32
		{A24B0500-AF23-4E83-A63F-1696E5370ABE}.Release|Win32.ActiveCfg = Release|Win32
		{A24B0500-AF23-4E83-A63F-1696E5370ABE}.Release|Win32.Build.0 = Release|Win32
	EndGlobalSection
	GlobalSection(SolutionProperties) = preSolution
		HideSolutionNode = FALSE
	EndGlobalSection
EndGlobal
